
Microsoft Visual Studio Solution File, Format Version 12.00
# Visual Studio Version 17
VisualStudioVersion = 17.4.33205.214
MinimumVisualStudioVersion = 10.0.40219.1
Project("{FAE04EC0-301F-11D3-BF4B-00C04F79EFBC}") = "MaratukAdmin", "MaratukAdmin\MaratukAdmin.csproj", "{8391983F-F752-47B4-A72E-B1F592F07988}"
EndProject
Global
	GlobalSection(SolutionConfigurationPlatforms) = preSolution
		Debug|Any CPU = Debug|Any CPU
		Release|Any CPU = Release|Any CPU
	EndGlobalSection
	GlobalSection(ProjectConfigurationPlatforms) = postSolution
		{8391983F-F752-47B4-A72E-B1F592F07988}.Debug|Any CPU.ActiveCfg = Debug|Any CPU
		{8391983F-F752-47B4-A72E-B1F592F07988}.Debug|Any CPU.Build.0 = Debug|Any CPU
		{8391983F-F752-47B4-A72E-B1F592F07988}.Release|Any CPU.ActiveCfg = Release|Any CPU
		{8391983F-F752-47B4-A72E-B1F592F07988}.Release|Any CPU.Build.0 = Release|Any CPU
	EndGlobalSection
	GlobalSection(SolutionProperties) = preSolution
		HideSolutionNode = FALSE
	EndGlobalSection
	GlobalSection(ExtensibilityGlobals) = postSolution
		SolutionGuid = {E23308E1-E0C4-4584-9BDF-C55D0F7D0A7B}
	EndGlobalSection
EndGlobal
